<?xml version="1.0" encoding="utf-8"?>
<Project ToolsVersion="4.0" xmlns="http://schemas.microsoft.com/developer/msbuild/2003">
  <ItemGroup>
    <Filter Include="Source Files">
      <UniqueIdentifier>{4FC737F1-C7A5-4376-A066-2A32D752A2FF}</UniqueIdentifier>
      <Extensions>cpp;c;cc;cxx;def;odl;idl;hpj;bat;asm;asmx</Extensions>
    </Filter>
    <Filter Include="Header Files">
      <UniqueIdentifier>{93995380-89BD-4b04-88EB-625FBE52EBFB}</UniqueIdentifier>
      <Extensions>h;hh;hpp;hxx;hm;inl;inc;xsd</Extensions>
    </Filter>
    <Filter Include="Resource Files">
      <UniqueIdentifier>{67DA6AB6-F800-4c08-8B7A-83BB121AAD01}</UniqueIdentifier>
      <Extensions>rc;ico;cur;bmp;dlg;rc2;rct;bin;rgs;gif;jpg;jpeg;jpe;resx;tiff;tif;png;wav;mfcribbon-ms</Extensions>
    </Filter>
    <Filter Include="Source Files\arducam_mini_2mp_plus_driver">
      <UniqueIdentifier>{a9e659d8-f066-4e14-93fe-e47849848b4d}</UniqueIdentifier>
    </Filter>
  </ItemGroup>
  <ItemGroup>
    <ClCompile Include="main.c">
      <Filter>Source Files</Filter>
    </ClCompile>
    <UpToDateCheckInput Include="app_manifest.json" />
    <ClCompile Include="arducam_mini_2mp_plus_driver\ArduCAM.c">
      <Filter>Source Files\arducam_mini_2mp_plus_driver</Filter>
    </ClCompile>
    <ClCompile Include="arducam_mini_2mp_plus_driver\ll.c">
      <Filter>Source Files\arducam_mini_2mp_plus_driver</Filter>
    </ClCompile>
    <ClCompile Include="arducam_mini_2mp_plus_driver\ov2640_regs.c">
      <Filter>Source Files\arducam_mini_2mp_plus_driver</Filter>
    </ClCompile>
    <ClCompile Include="delay_ms.c">
      <Filter>Source Files</Filter>
    </ClCompile>
  </ItemGroup>
</Project>